github.com/hashicorp/terraform-plugin-framework v1.14.1 h1:jaT1yvU/kEKEsxnbrn4ZHlgcxyIfjvZ41BLdlLk52fY=
github.com/hashicorp/terraform-plugin-framework v1.14.1/go.mod h1:xNUKmvTs6ldbwTuId5euAtg37dTxuyj3LHS3uj7BHQ4=
github.com/hashicorp/terraform-plugin-log v0.9.0 h1:i7hOA+vdAItN1/7UrfBqBwvYPQ9TFvymaRGZED3FCV0=
github.com/hashicorp/terraform-plugin-log v0.9.0/go.mod h1:rKL8egZQ/eXSyDqzLUuwUYLVdlYeamldAHSxjUFADow=
